
Microsoft Visual Studio Solution File, Format Version 12.00
# Visual Studio Version 17
VisualStudioVersion = 17.0.31903.59
MinimumVisualStudioVersion = 10.0.40219.1
Project("{9A19103F-16F7-4668-BE54-9A1E7A4F7556}") = "TipoCambio", "src\TipoCambio.csproj", "{1464715B-8C85-4ED1-807E-E536965A19EB}"
EndProject
Global
	GlobalSection(SolutionConfigurationPlatforms) = preSolution
		Debug|Any CPU = Debug|Any CPU
		Release|Any CPU = Release|Any CPU
	EndGlobalSection
	GlobalSection(ProjectConfigurationPlatforms) = postSolution
		{1464715B-8C85-4ED1-807E-E536965A19EB}.Debug|Any CPU.ActiveCfg = Debug|Any CPU
		{1464715B-8C85-4ED1-807E-E536965A19EB}.Debug|Any CPU.Build.0 = Debug|Any CPU
		{1464715B-8C85-4ED1-807E-E536965A19EB}.Release|Any CPU.ActiveCfg = Release|Any CPU
		{1464715B-8C85-4ED1-807E-E536965A19EB}.Release|Any CPU.Build.0 = Release|Any CPU
	EndGlobalSection
	GlobalSection(SolutionProperties) = preSolution
		HideSolutionNode = FALSE
	EndGlobalSection
	GlobalSection(ExtensibilityGlobals) = postSolution
		SolutionGuid = {235C1DBF-1087-4BC0-92E5-8C125C82CD2C}
	EndGlobalSection
EndGlobal
